// !$*UTF8*$!
{
	archiveVersion = 1;
	classes = {
	};
	objectVersion = 46;
	objects = {

/* Begin PBXBuildFile section */
		5EB40E891AF87C8900C9FC03 /* AppDelegate.swift in Sources */ = {isa = PBXBuildFile; fileRef = 5EB40E881AF87C8900C9FC03 /* AppDelegate.swift */; };
		5EB40E8B1AF87C8900C9FC03 /* ViewController.swift in Sources */ = {isa = PBXBuildFile; fileRef = 5EB40E8A1AF87C8900C9FC03 /* ViewController.swift */; };
		5EB40E8E1AF87C8900C9FC03 /* Main.storyboard in Resources */ = {isa = PBXBuildFile; fileRef = 5EB40E8C1AF87C8900C9FC03 /* Main.storyboard */; };
		5EB40E901AF87C8900C9FC03 /* Images.xcassets in Resources */ = {isa = PBXBuildFile; fileRef = 5EB40E8F1AF87C8900C9FC03 /* Images.xcassets */; };
		5EB40E931AF87C8900C9FC03 /* LaunchScreen.xib in Resources */ = {isa = PBXBuildFile; fileRef = 5EB40E911AF87C8900C9FC03 /* LaunchScreen.xib */; };
		5EB40E9F1AF87C8900C9FC03 /* keyboardAppTests.swift in Sources */ = {isa = PBXBuildFile; fileRef = 5EB40E9E1AF87C8900C9FC03 /* keyboardAppTests.swift */; };
		5EB40EB11AF87CF100C9FC03 /* KeyboardViewController.swift in Sources */ = {isa = PBXBuildFile; fileRef = 5EB40EB01AF87CF100C9FC03 /* KeyboardViewController.swift */; };
		5EB40EB41AF87CF100C9FC03 /* myKeyboard.appex in Embed App Extensions */ = {isa = PBXBuildFile; fileRef = 5EB40EAC1AF87CF000C9FC03 /* myKeyboard.appex */; settings = {ATTRIBUTES = (RemoveHeadersOnCopy, ); }; };
		5EB40EBA1AF87DBC00C9FC03 /* View.xib in Resources */ = {isa = PBXBuildFile; fileRef = 5EB40EB91AF87DBC00C9FC03 /* View.xib */; };
		5EB40EBC1AF8870400C9FC03 /* img.jpeg in Resources */ = {isa = PBXBuildFile; fileRef = 5EB40EBB1AF8870400C9FC03 /* img.jpeg */; };
/* End PBXBuildFile section */

/* Begin PBXContainerItemProxy section */
		5EB40E991AF87C8900C9FC03 /* PBXContainerItemProxy */ = {
			isa = PBXContainerItemProxy;
			containerPortal = 5EB40E7B1AF87C8900C9FC03 /* Project object */;
			proxyType = 1;
			remoteGlobalIDString = 5EB40E821AF87C8900C9FC03;
			remoteInfo = keyboardApp;
		};
		5EB40EB21AF87CF100C9FC03 /* PBXContainerItemProxy */ = {
			isa = PBXContainerItemProxy;
			containerPortal = 5EB40E7B1AF87C8900C9FC03 /* Project object */;
			proxyType = 1;
			remoteGlobalIDString = 5EB40EAB1AF87CF000C9FC03;
			remoteInfo = myKeyboard;
		};
/* End PBXContainerItemProxy section */

/* Begin PBXCopyFilesBuildPhase section */
		5EB40EB81AF87CF100C9FC03 /* Embed App Extensions */ = {
			isa = PBXCopyFilesBuildPhase;
			buildActionMask = 2147483647;
			dstPath = "";
			dstSubfolderSpec = 13;
			files = (
				5EB40EB41AF87CF100C9FC03 /* myKeyboard.appex in Embed App Extensions */,
			);
			name = "Embed App Extensions";
			runOnlyForDeploymentPostprocessing = 0;
		};
/* End PBXCopyFilesBuildPhase section */

/* Begin PBXFileReference section */
		5EB40E831AF87C8900C9FC03 /* keyboardApp.app */ = {isa = PBXFileReference; explicitFileType = wrapper.application; includeInIndex = 0; path = keyboardApp.app; sourceTree = BUILT_PRODUCTS_DIR; };
		5EB40E871AF87C8900C9FC03 /* Info.plist */ = {isa = PBXFileReference; lastKnownFileType = text.plist.xml; path = Info.plist; sourceTree = "<group>"; };
		5EB40E881AF87C8900C9FC03 /* AppDelegate.swift */ = {isa = PBXFileReference; lastKnownFileType = sourcecode.swift; path = AppDelegate.swift; sourceTree = "<group>"; };
		5EB40E8A1AF87C8900C9FC03 /* ViewController.swift */ = {isa = PBXFileReference; lastKnownFileType = sourcecode.swift; path = ViewController.swift; sourceTree = "<group>"; };
		5EB40E8D1AF87C8900C9FC03 /* Base */ = {isa = PBXFileReference; lastKnownFileType = file.storyboard; name = Base; path = Base.lproj/Main.storyboard; sourceTree = "<group>"; };
		5EB40E8F1AF87C8900C9FC03 /* Images.xcassets */ = {isa = PBXFileReference; lastKnownFileType = folder.assetcatalog; path = Images.xcassets; sourceTree = "<group>"; };
		5EB40E921AF87C8900C9FC03 /* Base */ = {isa = PBXFileReference; lastKnownFileType = file.xib; name = Base; path = Base.lproj/LaunchScreen.xib; sourceTree = "<group>"; };
		5EB40E981AF87C8900C9FC03 /* keyboardAppTests.xctest */ = {isa = PBXFileReference; explicitFileType = wrapper.cfbundle; includeInIndex = 0; path = keyboardAppTests.xctest; sourceTree = BUILT_PRODUCTS_DIR; };
		5EB40E9D1AF87C8900C9FC03 /* Info.plist */ = {isa = PBXFileReference; lastKnownFileType = text.plist.xml; path = Info.plist; sourceTree = "<group>"; };
		5EB40E9E1AF87C8900C9FC03 /* keyboardAppTests.swift */ = {isa = PBXFileReference; lastKnownFileType = sourcecode.swift; path = keyboardAppTests.swift; sourceTree = "<group>"; };
		5EB40EAC1AF87CF000C9FC03 /* myKeyboard.appex */ = {isa = PBXFileReference; explicitFileType = "wrapper.app-extension"; includeInIndex = 0; path = myKeyboard.appex; sourceTree = BUILT_PRODUCTS_DIR; };
		5EB40EAF1AF87CF000C9FC03 /* Info.plist */ = {isa = PBXFileReference; lastKnownFileType = text.plist.xml; path = Info.plist; sourceTree = "<group>"; };
		5EB40EB01AF87CF100C9FC03 /* KeyboardViewController.swift */ = {isa = PBXFileReference; lastKnownFileType = sourcecode.swift; path = KeyboardViewController.swift; sourceTree = "<group>"; };
		5EB40EB91AF87DBC00C9FC03 /* View.xib */ = {isa = PBXFileReference; fileEncoding = 4; lastKnownFileType = file.xib; path = View.xib; sourceTree = "<group>"; };
		5EB40EBB1AF8870400C9FC03 /* img.jpeg */ = {isa = PBXFileReference; lastKnownFileType = image.jpeg; path = img.jpeg; sourceTree = "<group>"; };
/* End PBXFileReference section */

/* Begin PBXFrameworksBuildPhase section */
		5EB40E801AF87C8900C9FC03 /* Frameworks */ = {
			isa = PBXFrameworksBuildPhase;
			buildActionMask = 2147483647;
			files = (
			);
			runOnlyForDeploymentPostprocessing = 0;
		};
		5EB40E951AF87C8900C9FC03 /* Frameworks */ = {
			isa = PBXFrameworksBuildPhase;
			buildActionMask = 2147483647;
			files = (
			);
			runOnlyForDeploymentPostprocessing = 0;
		};
		5EB40EA91AF87CF000C9FC03 /* Frameworks */ = {
			isa = PBXFrameworksBuildPhase;
			buildActionMask = 2147483647;
			files = (
			);
			runOnlyForDeploymentPostprocessing = 0;
		};
/* End PBXFrameworksBuildPhase section */

/* Begin PBXGroup section */
		5EB40E7A1AF87C8900C9FC03 = {
			isa = PBXGroup;
			children = (
				5EB40E851AF87C8900C9FC03 /* keyboardApp */,
				5EB40E9B1AF87C8900C9FC03 /* keyboardAppTests */,
				5EB40EAD1AF87CF000C9FC03 /* myKeyboard */,
				5EB40E841AF87C8900C9FC03 /* Products */,
			);
			sourceTree = "<group>";
		};
		5EB40E841AF87C8900C9FC03 /* Products */ = {
			isa = PBXGroup;
			children = (
				5EB40E831AF87C8900C9FC03 /* keyboardApp.app */,
				5EB40E981AF87C8900C9FC03 /* keyboardAppTests.xctest */,
				5EB40EAC1AF87CF000C9FC03 /* myKeyboard.appex */,
			);
			name = Products;
			sourceTree = "<group>";
		};
		5EB40E851AF87C8900C9FC03 /* keyboardApp */ = {
			isa = PBXGroup;
			children = (
				5EB40EBB1AF8870400C9FC03 /* img.jpeg */,
				5EB40E881AF87C8900C9FC03 /* AppDelegate.swift */,
				5EB40E8A1AF87C8900C9FC03 /* ViewController.swift */,
				5EB40E8C1AF87C8900C9FC03 /* Main.storyboard */,
				5EB40E8F1AF87C8900C9FC03 /* Images.xcassets */,
				5EB40E911AF87C8900C9FC03 /* LaunchScreen.xib */,
				5EB40E861AF87C8900C9FC03 /* Supporting Files */,
			);
			path = keyboardApp;
			sourceTree = "<group>";
		};
		5EB40E861AF87C8900C9FC03 /* Supporting Files */ = {
			isa = PBXGroup;
			children = (
				5EB40E871AF87C8900C9FC03 /* Info.plist */,
			);
			name = "Supporting Files";
			sourceTree = "<group>";
		};
		5EB40E9B1AF87C8900C9FC03 /* keyboardAppTests */ = {
			isa = PBXGroup;
			children = (
				5EB40E9E1AF87C8900C9FC03 /* keyboardAppTests.swift */,
				5EB40E9C1AF87C8900C9FC03 /* Supporting Files */,
			);
			path = keyboardAppTests;
			sourceTree = "<group>";
		};
		5EB40E9C1AF87C8900C9FC03 /* Supporting Files */ = {
			isa = PBXGroup;
			children = (
				5EB40E9D1AF87C8900C9FC03 /* Info.plist */,
			);
			name = "Supporting Files";
			sourceTree = "<group>";
		};
		5EB40EAD1AF87CF000C9FC03 /* myKeyboard */ = {
			isa = PBXGroup;
			children = (
				5EB40EB01AF87CF100C9FC03 /* KeyboardViewController.swift */,
				5EB40EAE1AF87CF000C9FC03 /* Supporting Files */,
				5EB40EB91AF87DBC00C9FC03 /* View.xib */,
			);
			path = myKeyboard;
			sourceTree = "<group>";
		};
		5EB40EAE1AF87CF000C9FC03 /* Supporting Files */ = {
			isa = PBXGroup;
			children = (
				5EB40EAF1AF87CF000C9FC03 /* Info.plist */,
			);
			name = "Supporting Files";
			sourceTree = "<group>";
		};
/* End PBXGroup section */

/* Begin PBXNativeTarget section */
		5EB40E821AF87C8900C9FC03 /* keyboardApp */ = {
			isa = PBXNativeTarget;
			buildConfigurationList = 5EB40EA21AF87C8900C9FC03 /* Build configuration list for PBXNativeTarget "keyboardApp" */;
			buildPhases = (
				5EB40E7F1AF87C8900C9FC03 /* Sources */,
				5EB40E801AF87C8900C9FC03 /* Frameworks */,
				5EB40E811AF87C8900C9FC03 /* Resources */,
				5EB40EB81AF87CF100C9FC03 /* Embed App Extensions */,
			);
			buildRules = (
			);
			dependencies = (
				5EB40EB31AF87CF100C9FC03 /* PBXTargetDependency */,
			);
			name = keyboardApp;
			productName = keyboardApp;
			productReference = 5EB40E831AF87C8900C9FC03 /* keyboardApp.app */;
			productType = "com.apple.product-type.application";
		};
		5EB40E971AF87C8900C9FC03 /* keyboardAppTests */ = {
			isa = PBXNativeTarget;
			buildConfigurationList = 5EB40EA51AF87C8900C9FC03 /* Build configuration list for PBXNativeTarget "keyboardAppTests" */;
			buildPhases = (
				5EB40E941AF87C8900C9FC03 /* Sources */,
				5EB40E951AF87C8900C9FC03 /* Frameworks */,
				5EB40E961AF87C8900C9FC03 /* Resources */,
			);
			buildRules = (
			);
			dependencies = (
				5EB40E9A1AF87C8900C9FC03 /* PBXTargetDependency */,
			);
			name = keyboardAppTests;
			productName = keyboardAppTests;
			productReference = 5EB40E981AF87C8900C9FC03 /* keyboardAppTests.xctest */;
			productType = "com.apple.product-type.bundle.unit-test";
		};
		5EB40EAB1AF87CF000C9FC03 /* myKeyboard */ = {
			isa = PBXNativeTarget;
			buildConfigurationList = 5EB40EB51AF87CF100C9FC03 /* Build configuration list for PBXNativeTarget "myKeyboard" */;
			buildPhases = (
				5EB40EA81AF87CF000C9FC03 /* Sources */,
				5EB40EA91AF87CF000C9FC03 /* Frameworks */,
				5EB40EAA1AF87CF000C9FC03 /* Resources */,
			);
			buildRules = (
			);
			dependencies = (
			);
			name = myKeyboard;
			productName = myKeyboard;
			productReference = 5EB40EAC1AF87CF000C9FC03 /* myKeyboard.appex */;
			productType = "com.apple.product-type.app-extension";
		};
/* End PBXNativeTarget section */

/* Begin PBXProject section */
		5EB40E7B1AF87C8900C9FC03 /* Project object */ = {
			isa = PBXProject;
			attributes = {
				LastUpgradeCheck = 0630;
				ORGANIZATIONNAME = "Austin Wells";
				TargetAttributes = {
					5EB40E821AF87C8900C9FC03 = {
						CreatedOnToolsVersion = 6.3.1;
					};
					5EB40E971AF87C8900C9FC03 = {
						CreatedOnToolsVersion = 6.3.1;
						TestTargetID = 5EB40E821AF87C8900C9FC03;
					};
					5EB40EAB1AF87CF000C9FC03 = {
						CreatedOnToolsVersion = 6.3.1;
					};
				};
			};
			buildConfigurationList = 5EB40E7E1AF87C8900C9FC03 /* Build configuration list for PBXProject "keyboardApp" */;
			compatibilityVersion = "Xcode 3.2";
			developmentRegion = English;
			hasScannedForEncodings = 0;
			knownRegions = (
				en,
				Base,
			);
			mainGroup = 5EB40E7A1AF87C8900C9FC03;
			productRefGroup = 5EB40E841AF87C8900C9FC03 /* Products */;
			projectDirPath = "";
			projectRoot = "";
			targets = (
				5EB40E821AF87C8900C9FC03 /* keyboardApp */,
				5EB40E971AF87C8900C9FC03 /* keyboardAppTests */,
				5EB40EAB1AF87CF000C9FC03 /* myKeyboard */,
			);
		};
/* End PBXProject section */

/* Begin PBXResourcesBuildPhase section */
		5EB40E811AF87C8900C9FC03 /* Resources */ = {
			isa = PBXResourcesBuildPhase;
			buildActionMask = 2147483647;
			files = (
				5EB40E8E1AF87C8900C9FC03 /* Main.storyboard in Resources */,
				5EB40EBC1AF8870400C9FC03 /* img.jpeg in Resources */,
				5EB40E931AF87C8900C9FC03 /* LaunchScreen.xib in Resources */,
				5EB40E901AF87C8900C9FC03 /* Images.xcassets in Resources */,
			);
			runOnlyForDeploymentPostprocessing = 0;
		};
		5EB40E961AF87C8900C9FC03 /* Resources */ = {
			isa = PBXResourcesBuildPhase;
			buildActionMask = 2147483647;
			files = (
			);
			runOnlyForDeploymentPostprocessing = 0;
		};
		5EB40EAA1AF87CF000C9FC03 /* Resources */ = {
			isa = PBXResourcesBuildPhase;
			buildActionMask = 2147483647;
			files = (
				5EB40EBA1AF87DBC00C9FC03 /* View.xib in Resources */,
			);
			runOnlyForDeploymentPostprocessing = 0;
		};
/* End PBXResourcesBuildPhase section */

/* Begin PBXSourcesBuildPhase section */
		5EB40E7F1AF87C8900C9FC03 /* Sources */ = {
			isa = PBXSourcesBuildPhase;
			buildActionMask = 2147483647;
			files = (
				5EB40E8B1AF87C8900C9FC03 /* ViewController.swift in Sources */,
				5EB40E891AF87C8900C9FC03 /* AppDelegate.swift in Sources */,
			);
			runOnlyForDeploymentPostprocessing = 0;
		};
		5EB40E941AF87C8900C9FC03 /* Sources */ = {
			isa = PBXSourcesBuildPhase;
			buildActionMask = 2147483647;
			files = (
				5EB40E9F1AF87C8900C9FC03 /* keyboardAppTests.swift in Sources */,
			);
			runOnlyForDeploymentPostprocessing = 0;
		};
		5EB40EA81AF87CF000C9FC03 /* Sources */ = {
			isa = PBXSourcesBuildPhase;
			buildActionMask = 2147483647;
			files = (
				5EB40EB11AF87CF100C9FC03 /* KeyboardViewController.swift in Sources */,
			);
			runOnlyForDeploymentPostprocessing = 0;
		};
/* End PBXSourcesBuildPhase section */

/* Begin PBXTargetDependency section */
		5EB40E9A1AF87C8900C9FC03 /* PBXTargetDependency */ = {
			isa = PBXTargetDependency;
			target = 5EB40E821AF87C8900C9FC03 /* keyboardApp */;
			targetProxy = 5EB40E991AF87C8900C9FC03 /* PBXContainerItemProxy */;
		};
		5EB40EB31AF87CF100C9FC03 /* PBXTargetDependency */ = {
			isa = PBXTargetDependency;
			target = 5EB40EAB1AF87CF000C9FC03 /* myKeyboard */;
			targetProxy = 5EB40EB21AF87CF100C9FC03 /* PBXContainerItemProxy */;
		};
/* End PBXTargetDependency section */

/* Begin PBXVariantGroup section */
		5EB40E8C1AF87C8900C9FC03 /* Main.storyboard */ = {
			isa = PBXVariantGroup;
			children = (
				5EB40E8D1AF87C8900C9FC03 /* Base */,
			);
			name = Main.storyboard;
			sourceTree = "<group>";
		};
		5EB40E911AF87C8900C9FC03 /* LaunchScreen.xib */ = {
			isa = PBXVariantGroup;
			children = (
				5EB40E921AF87C8900C9FC03 /* Base */,
			);
			name = LaunchScreen.xib;
			sourceTree = "<group>";
		};
/* End PBXVariantGroup section */

/* Begin XCBuildConfiguration section */
		5EB40EA01AF87C8900C9FC03 /* Debug */ = {
			isa = XCBuildConfiguration;
			buildSettings = {
				ALWAYS_SEARCH_USER_PATHS = NO;
				CLANG_CXX_LANGUAGE_STANDARD = "gnu++0x";
				CLANG_CXX_LIBRARY = "libc++";
				CLANG_ENABLE_MODULES = YES;
				CLANG_ENABLE_OBJC_ARC = YES;
				CLANG_WARN_BOOL_CONVERSION = YES;
				CLANG_WARN_CONSTANT_CONVERSION = YES;
				CLANG_WARN_DIRECT_OBJC_ISA_USAGE = YES_ERROR;
				CLANG_WARN_EMPTY_BODY = YES;
				CLANG_WARN_ENUM_CONVERSION = YES;
				CLANG_WARN_INT_CONVERSION = YES;
				CLANG_WARN_OBJC_ROOT_CLASS = YES_ERROR;
				CLANG_WARN_UNREACHABLE_CODE = YES;
				CLANG_WARN__DUPLICATE_METHOD_MATCH = YES;
				"CODE_SIGN_IDENTITY[sdk=iphoneos*]" = "iPhone Developer";
				COPY_PHASE_STRIP = NO;
				DEBUG_INFORMATION_FORMAT = "dwarf-with-dsym";
				ENABLE_STRICT_OBJC_MSGSEND = YES;
				GCC_C_LANGUAGE_STANDARD = gnu99;
				GCC_DYNAMIC_NO_PIC = NO;
				GCC_NO_COMMON_BLOCKS = YES;
				GCC_OPTIMIZATION_LEVEL = 0;
				GCC_PREPROCESSOR_DEFINITIONS = (
					"DEBUG=1",
					"$(inherited)",
				);
				GCC_SYMBOLS_PRIVATE_EXTERN = NO;
				GCC_WARN_64_TO_32_BIT_CONVERSION = YES;
				GCC_WARN_ABOUT_RETURN_TYPE = YES_ERROR;
				GCC_WARN_UNDECLARED_SELECTOR = YES;
				GCC_WARN_UNINITIALIZED_AUTOS = YES_AGGRESSIVE;
				GCC_WARN_UNUSED_FUNCTION = YES;
				GCC_WARN_UNUSED_VARIABLE = YES;
				IPHONEOS_DEPLOYMENT_TARGET = 8.3;
				MTL_ENABLE_DEBUG_INFO = YES;
				ONLY_ACTIVE_ARCH = YES;
				SDKROOT = iphoneos;
				SWIFT_OPTIMIZATION_LEVEL = "-Onone";
			};
			name = Debug;
		};
		5EB40EA11AF87C8900C9FC03 /* Release */ = {
			isa = XCBuildConfiguration;
			buildSettings = {
				ALWAYS_SEARCH_USER_PATHS = NO;
				CLANG_CXX_LANGUAGE_STANDARD = "gnu++0x";
				CLANG_CXX_LIBRARY = "libc++";
				CLANG_ENABLE_MODULES = YES;
				CLANG_ENABLE_OBJC_ARC = YES;
				CLANG_WARN_BOOL_CONVERSION = YES;
				CLANG_WARN_CONSTANT_CONVERSION = YES;
				CLANG_WARN_DIRECT_OBJC_ISA_USAGE = YES_ERROR;
				CLANG_WARN_EMPTY_BODY = YES;
				CLANG_WARN_ENUM_CONVERSION = YES;
				CLANG_WARN_INT_CONVERSION = YES;
				CLANG_WARN_OBJC_ROOT_CLASS = YES_ERROR;
				CLANG_WARN_UNREACHABLE_CODE = YES;
				CLANG_WARN__DUPLICATE_METHOD_MATCH = YES;
				"CODE_SIGN_IDENTITY[sdk=iphoneos*]" = "iPhone Developer";
				COPY_PHASE_STRIP = NO;
				DEBUG_INFORMATION_FORMAT = "dwarf-with-dsym";
				ENABLE_NS_ASSERTIONS = NO;
				ENABLE_STRICT_OBJC_MSGSEND = YES;
				GCC_C_LANGUAGE_STANDARD = gnu99;
				GCC_NO_COMMON_BLOCKS = YES;
				GCC_WARN_64_TO_32_BIT_CONVERSION = YES;
				GCC_WARN_ABOUT_RETURN_TYPE = YES_ERROR;
				GCC_WARN_UNDECLARED_SELECTOR = YES;
				GCC_WARN_UNINITIALIZED_AUTOS = YES_AGGRESSIVE;
				GCC_WARN_UNUSED_FUNCTION = YES;
				GCC_WARN_UNUSED_VARIABLE = YES;
				IPHONEOS_DEPLOYMENT_TARGET = 8.3;
				MTL_ENABLE_DEBUG_INFO = NO;
				SDKROOT = iphoneos;
				VALIDATE_PRODUCT = YES;
			};
			name = Release;
		};
		5EB40EA31AF87C8900C9FC03 /* Debug */ = {
			isa = XCBuildConfiguration;
			buildSettings = {
				ASSETCATALOG_COMPILER_APPICON_NAME = AppIcon;
				INFOPLIST_FILE = keyboardApp/Info.plist;
				LD_RUNPATH_SEARCH_PATHS = "$(inherited) @executable_path/Frameworks";
				PRODUCT_NAME = "$(TARGET_NAME)";
			};
			name = Debug;
		};
		5EB40EA41AF87C8900C9FC03 /* Release */ = {
			isa = XCBuildConfiguration;
			buildSettings = {
				ASSETCATALOG_COMPILER_APPICON_NAME = AppIcon;
				INFOPLIST_FILE = keyboardApp/Info.plist;
				LD_RUNPATH_SEARCH_PATHS = "$(inherited) @executable_path/Frameworks";
				PRODUCT_NAME = "$(TARGET_NAME)";
			};
			name = Release;
		};
		5EB40EA61AF87C8900C9FC03 /* Debug */ = {
			isa = XCBuildConfiguration;
			buildSettings = {
				BUNDLE_LOADER = "$(TEST_HOST)";
				FRAMEWORK_SEARCH_PATHS = (
					"$(SDKROOT)/Developer/Library/Frameworks",
					"$(inherited)",
				);
				GCC_PREPROCESSOR_DEFINITIONS = (
					"DEBUG=1",
					"$(inherited)",
				);
				INFOPLIST_FILE = keyboardAppTests/Info.plist;
				LD_RUNPATH_SEARCH_PATHS = "$(inherited) @executable_path/Frameworks @loader_path/Frameworks";
				PRODUCT_NAME = "$(TARGET_NAME)";
				TEST_HOST = "$(BUILT_PRODUCTS_DIR)/keyboardApp.app/keyboardApp";
			};
			name = Debug;
		};
		5EB40EA71AF87C8900C9FC03 /* Release */ = {
			isa = XCBuildConfiguration;
			buildSettings = {
				BUNDLE_LOADER = "$(TEST_HOST)";
				FRAMEWORK_SEARCH_PATHS = (
					"$(SDKROOT)/Developer/Library/Frameworks",
					"$(inherited)",
				);
				INFOPLIST_FILE = keyboardAppTests/Info.plist;
				LD_RUNPATH_SEARCH_PATHS = "$(inherited) @executable_path/Frameworks @loader_path/Frameworks";
				PRODUCT_NAME = "$(TARGET_NAME)";
				TEST_HOST = "$(BUILT_PRODUCTS_DIR)/keyboardApp.app/keyboardApp";
			};
			name = Release;
		};
		5EB40EB61AF87CF100C9FC03 /* Debug */ = {
			isa = XCBuildConfiguration;
			buildSettings = {
				GCC_PREPROCESSOR_DEFINITIONS = (
					"DEBUG=1",
					"$(inherited)",
				);
				INFOPLIST_FILE = myKeyboard/Info.plist;
				LD_RUNPATH_SEARCH_PATHS = "$(inherited) @executable_path/Frameworks @executable_path/../../Frameworks";
				PRODUCT_NAME = "$(TARGET_NAME)";
				SKIP_INSTALL = YES;
			};
			name = Debug;
		};
		5EB40EB71AF87CF100C9FC03 /* Release */ = {
			isa = XCBuildConfiguration;
			buildSettings = {
				INFOPLIST_FILE = myKeyboard/Info.plist;
				LD_RUNPATH_SEARCH_PATHS = "$(inherited) @executable_path/Frameworks @executable_path/../../Frameworks";
				PRODUCT_NAME = "$(TARGET_NAME)";
				SKIP_INSTALL = YES;
			};
			name = Release;
		};
/* End XCBuildConfiguration section */

/* Begin XCConfigurationList section */
		5EB40E7E1AF87C8900C9FC03 /* Build configuration list for PBXProject "keyboardApp" */ = {
			isa = XCConfigurationList;
			buildConfigurations = (
				5EB40EA01AF87C8900C9FC03 /* Debug */,
				5EB40EA11AF87C8900C9FC03 /* Release */,
			);
			defaultConfigurationIsVisible = 0;
			defaultConfigurationName = Release;
		};
		5EB40EA21AF87C8900C9FC03 /* Build configuration list for PBXNativeTarget "keyboardApp" */ = {
			isa = XCConfigurationList;
			buildConfigurations = (
				5EB40EA31AF87C8900C9FC03 /* Debug */,
				5EB40EA41AF87C8900C9FC03 /* Release */,
			);
			defaultConfigurationIsVisible = 0;
		};
		5EB40EA51AF87C8900C9FC03 /* Build configuration list for PBXNativeTarget "keyboardAppTests" */ = {
			isa = XCConfigurationList;
			buildConfigurations = (
				5EB40EA61AF87C8900C9FC03 /* Debug */,
				5EB40EA71AF87C8900C9FC03 /* Release */,
			);
			defaultConfigurationIsVisible = 0;
		};
		5EB40EB51AF87CF100C9FC03 /* Build configuration list for PBXNativeTarget "myKeyboard" */ = {
			isa = XCConfigurationList;
			buildConfigurations = (
				5EB40EB61AF87CF100C9FC03 /* Debug */,
				5EB40EB71AF87CF100C9FC03 /* Release */,
			);
			defaultConfigurationIsVisible = 0;
		};
/* End XCConfigurationList section */
	};
	rootObject = 5EB40E7B1AF87C8900C9FC03 /* Project object */;
}
